
Microsoft Visual Studio Solution File, Format Version 12.00
# Visual Studio 2012
Project("{FAE04EC0-301F-11D3-BF4B-00C04F79EFBC}") = "Calculadora_6B.Libreria", "Calculadora_6B.Libreria\Calculadora_6B.Libreria.csproj", "{D8737D5F-5383-491E-B6FB-7DABD3A4BEF0}"
EndProject
Project("{FAE04EC0-301F-11D3-BF4B-00C04F79EFBC}") = "Calculadora_6B.Windows", "Calculadora_6B.Windows\Calculadora_6B.Windows.csproj", "{71D235F8-4B3A-4F0C-9FDC-EB6CA16A7518}"
EndProject
Project("{FAE04EC0-301F-11D3-BF4B-00C04F79EFBC}") = "Calculadora_6B.Consola", "Calculadora_6B.Consola\Calculadora_6B.Consola.csproj", "{D99BC50A-435C-46FE-A6D7-15108F3EA5C9}"
EndProject
Global
	GlobalSection(SolutionConfigurationPlatforms) = preSolution
		Debug|Any CPU = Debug|Any CPU
		Release|Any CPU = Release|Any CPU
	EndGlobalSection
	GlobalSection(ProjectConfigurationPlatforms) = postSolution
		{D8737D5F-5383-491E-B6FB-7DABD3A4BEF0}.Debug|Any CPU.ActiveCfg = Debug|Any CPU
		{D8737D5F-5383-491E-B6FB-7DABD3A4BEF0}.Debug|Any CPU.Build.0 = Debug|Any CPU
		{D8737D5F-5383-491E-B6FB-7DABD3A4BEF0}.Release|Any CPU.ActiveCfg = Release|Any CPU
		{D8737D5F-5383-491E-B6FB-7DABD3A4BEF0}.Release|Any CPU.Build.0 = Release|Any CPU
		{71D235F8-4B3A-4F0C-9FDC-EB6CA16A7518}.Debug|Any CPU.ActiveCfg = Debug|Any CPU
		{71D235F8-4B3A-4F0C-9FDC-EB6CA16A7518}.Debug|Any CPU.Build.0 = Debug|Any CPU
		{71D235F8-4B3A-4F0C-9FDC-EB6CA16A7518}.Release|Any CPU.ActiveCfg = Release|Any CPU
		{71D235F8-4B3A-4F0C-9FDC-EB6CA16A7518}.Release|Any CPU.Build.0 = Release|Any CPU
		{D99BC50A-435C-46FE-A6D7-15108F3EA5C9}.Debug|Any CPU.ActiveCfg = Debug|Any CPU
		{D99BC50A-435C-46FE-A6D7-15108F3EA5C9}.Debug|Any CPU.Build.0 = Debug|Any CPU
		{D99BC50A-435C-46FE-A6D7-15108F3EA5C9}.Release|Any CPU.ActiveCfg = Release|Any CPU
		{D99BC50A-435C-46FE-A6D7-15108F3EA5C9}.Release|Any CPU.Build.0 = Release|Any CPU
	EndGlobalSection
	GlobalSection(SolutionProperties) = preSolution
		HideSolutionNode = FALSE
	EndGlobalSection
EndGlobal
